
Microsoft Visual Studio Solution File, Format Version 12.00
# Visual Studio 15
VisualStudioVersion = 15.0.28307.1259
MinimumVisualStudioVersion = 10.0.40219.1
Project("{8BC9CEB8-8B4A-11D0-8D11-00A0C91BC942}") = "CvGameCoreLib", "CvGameCoreLib.vcxproj", "{B697BAE7-A20E-4ECA-8B34-A3289E42E980}"
EndProject
Global
	GlobalSection(SolutionConfigurationPlatforms) = preSolution
		Debug|x64 = Debug|x64
		Debug|x86 = Debug|x86
		Release|x64 = Release|x64
		Release|x86 = Release|x86
	EndGlobalSection
	GlobalSection(ProjectConfigurationPlatforms) = postSolution
		{B697BAE7-A20E-4ECA-8B34-A3289E42E980}.Debug|x64.ActiveCfg = Debug|x64
		{B697BAE7-A20E-4ECA-8B34-A3289E42E980}.Debug|x64.Build.0 = Debug|x64
		{B697BAE7-A20E-4ECA-8B34-A3289E42E980}.Debug|x86.ActiveCfg = Debug|Win32
		{B697BAE7-A20E-4ECA-8B34-A3289E42E980}.Debug|x86.Build.0 = Debug|Win32
		{B697BAE7-A20E-4ECA-8B34-A3289E42E980}.Release|x64.ActiveCfg = Release|x64
		{B697BAE7-A20E-4ECA-8B34-A3289E42E980}.Release|x64.Build.0 = Release|x64
		{B697BAE7-A20E-4ECA-8B34-A3289E42E980}.Release|x86.ActiveCfg = Release|Win32
		{B697BAE7-A20E-4ECA-8B34-A3289E42E980}.Release|x86.Build.0 = Release|Win32
	EndGlobalSection
	GlobalSection(SolutionProperties) = preSolution
		HideSolutionNode = FALSE
	EndGlobalSection
	GlobalSection(ExtensibilityGlobals) = postSolution
		SolutionGuid = {E4138A6F-32CE-4F46-A64E-ED8366E3D41B}
	EndGlobalSection
EndGlobal
